
Microsoft Visual Studio Solution File, Format Version 12.00
# Visual Studio 14
VisualStudioVersion = 14.0.25420.1
MinimumVisualStudioVersion = 10.0.40219.1
Project("{FAE04EC0-301F-11D3-BF4B-00C04F79EFBC}") = "XSockets.Geo", "XSockets.Geo\XSockets.Geo.csproj", "{EF3A648A-3351-481E-94F6-EA5ED2FF2077}"
EndProject
Project("{FAE04EC0-301F-11D3-BF4B-00C04F79EFBC}") = "XSockets.GeoWorker", "XSockets.GeoWorker\XSockets.GeoWorker.csproj", "{4D4FDB51-4AEB-43B7-84CD-5A84D22088FB}"
EndProject
Project("{FAE04EC0-301F-11D3-BF4B-00C04F79EFBC}") = "XSockets.Geo.WebTestClient", "XSockets.Geo.WebTestClient\XSockets.Geo.WebTestClient.csproj", "{95D9E7D9-BF1B-42F6-9EF9-3F8AE9B48AED}"
EndProject
Project("{2150E333-8FDC-42A3-9474-1A3956D46DE8}") = "Dependencies", "Dependencies", "{0E4ADC50-F53D-4A9A-BEAC-6AF78F894BA5}"
	ProjectSection(SolutionItems) = preProject
		Dependencies\GeoAPI.dll = Dependencies\GeoAPI.dll
		Dependencies\NetTopologySuite.dll = Dependencies\NetTopologySuite.dll
		Dependencies\NetTopologySuite.IO.GeoJSON.dll = Dependencies\NetTopologySuite.IO.GeoJSON.dll
		Dependencies\Newtonsoft.Json.dll = Dependencies\Newtonsoft.Json.dll
	EndProjectSection
EndProject
Project("{2150E333-8FDC-42A3-9474-1A3956D46DE8}") = "AzureWorkerRole", "AzureWorkerRole", "{6E3B27E8-B00E-4DFB-8E2E-2CAB2F2ECAAC}"
EndProject
Project("{CC5FD16D-436D-48AD-A40C-5A424C6E3E79}") = "GeoFenceWorker", "GeoFenceWorker\GeoFenceWorker.ccproj", "{6800B260-D7FC-4BE1-AE7F-CDF9EEABE187}"
EndProject
Project("{FAE04EC0-301F-11D3-BF4B-00C04F79EFBC}") = "GeoFenceWorkerRole", "GeoFenceWorkerRole\GeoFenceWorkerRole.csproj", "{45AD24FC-2793-4519-AD94-4F15B57D2996}"
EndProject
Global
	GlobalSection(SolutionConfigurationPlatforms) = preSolution
		Debug|Any CPU = Debug|Any CPU
		Release|Any CPU = Release|Any CPU
	EndGlobalSection
	GlobalSection(ProjectConfigurationPlatforms) = postSolution
		{EF3A648A-3351-481E-94F6-EA5ED2FF2077}.Debug|Any CPU.ActiveCfg = Debug|Any CPU
		{EF3A648A-3351-481E-94F6-EA5ED2FF2077}.Debug|Any CPU.Build.0 = Debug|Any CPU
		{EF3A648A-3351-481E-94F6-EA5ED2FF2077}.Release|Any CPU.ActiveCfg = Release|Any CPU
		{EF3A648A-3351-481E-94F6-EA5ED2FF2077}.Release|Any CPU.Build.0 = Release|Any CPU
		{4D4FDB51-4AEB-43B7-84CD-5A84D22088FB}.Debug|Any CPU.ActiveCfg = Debug|Any CPU
		{4D4FDB51-4AEB-43B7-84CD-5A84D22088FB}.Debug|Any CPU.Build.0 = Debug|Any CPU
		{4D4FDB51-4AEB-43B7-84CD-5A84D22088FB}.Release|Any CPU.ActiveCfg = Release|Any CPU
		{4D4FDB51-4AEB-43B7-84CD-5A84D22088FB}.Release|Any CPU.Build.0 = Release|Any CPU
		{95D9E7D9-BF1B-42F6-9EF9-3F8AE9B48AED}.Debug|Any CPU.ActiveCfg = Debug|Any CPU
		{95D9E7D9-BF1B-42F6-9EF9-3F8AE9B48AED}.Debug|Any CPU.Build.0 = Debug|Any CPU
		{95D9E7D9-BF1B-42F6-9EF9-3F8AE9B48AED}.Release|Any CPU.ActiveCfg = Release|Any CPU
		{95D9E7D9-BF1B-42F6-9EF9-3F8AE9B48AED}.Release|Any CPU.Build.0 = Release|Any CPU
		{6800B260-D7FC-4BE1-AE7F-CDF9EEABE187}.Debug|Any CPU.ActiveCfg = Debug|Any CPU
		{6800B260-D7FC-4BE1-AE7F-CDF9EEABE187}.Debug|Any CPU.Build.0 = Debug|Any CPU
		{6800B260-D7FC-4BE1-AE7F-CDF9EEABE187}.Release|Any CPU.ActiveCfg = Release|Any CPU
		{6800B260-D7FC-4BE1-AE7F-CDF9EEABE187}.Release|Any CPU.Build.0 = Release|Any CPU
		{45AD24FC-2793-4519-AD94-4F15B57D2996}.Debug|Any CPU.ActiveCfg = Debug|Any CPU
		{45AD24FC-2793-4519-AD94-4F15B57D2996}.Debug|Any CPU.Build.0 = Debug|Any CPU
		{45AD24FC-2793-4519-AD94-4F15B57D2996}.Release|Any CPU.ActiveCfg = Release|Any CPU
		{45AD24FC-2793-4519-AD94-4F15B57D2996}.Release|Any CPU.Build.0 = Release|Any CPU
	EndGlobalSection
	GlobalSection(SolutionProperties) = preSolution
		HideSolutionNode = FALSE
	EndGlobalSection
	GlobalSection(NestedProjects) = preSolution
		{6800B260-D7FC-4BE1-AE7F-CDF9EEABE187} = {6E3B27E8-B00E-4DFB-8E2E-2CAB2F2ECAAC}
		{45AD24FC-2793-4519-AD94-4F15B57D2996} = {6E3B27E8-B00E-4DFB-8E2E-2CAB2F2ECAAC}
	EndGlobalSection
EndGlobal
